
Microsoft Visual Studio Solution File, Format Version 12.00
# Visual Studio Version 17
VisualStudioVersion = 17.5.33627.172
MinimumVisualStudioVersion = 10.0.40219.1
Project("{FAE04EC0-301F-11D3-BF4B-00C04F79EFBC}") = "Razredi i objekti", "Razredi i objekti.csproj", "{A98ACE92-E6EF-44FF-8A44-7B173C84B875}"
EndProject
Global
	GlobalSection(SolutionConfigurationPlatforms) = preSolution
		Debug|Any CPU = Debug|Any CPU
		Release|Any CPU = Release|Any CPU
	EndGlobalSection
	GlobalSection(ProjectConfigurationPlatforms) = postSolution
		{A98ACE92-E6EF-44FF-8A44-7B173C84B875}.Debug|Any CPU.ActiveCfg = Debug|Any CPU
		{A98ACE92-E6EF-44FF-8A44-7B173C84B875}.Debug|Any CPU.Build.0 = Debug|Any CPU
		{A98ACE92-E6EF-44FF-8A44-7B173C84B875}.Release|Any CPU.ActiveCfg = Release|Any CPU
		{A98ACE92-E6EF-44FF-8A44-7B173C84B875}.Release|Any CPU.Build.0 = Release|Any CPU
	EndGlobalSection
	GlobalSection(SolutionProperties) = preSolution
		HideSolutionNode = FALSE
	EndGlobalSection
	GlobalSection(ExtensibilityGlobals) = postSolution
		SolutionGuid = {2450D69D-5656-48B7-801B-921124BCED59}
	EndGlobalSection
EndGlobal
